// !$*UTF8*$!
{
	archiveVersion = 1;
	classes = {
	};
	objectVersion = 46;
	objects = {

/* Begin PBXBuildFile section */
		AAE551F7196C071E00ED7675 /* main.m in Sources */ = {isa = PBXBuildFile; fileRef = AAE551F6196C071E00ED7675 /* main.m */; };
		AAE551FA196C071E00ED7675 /* AppDelegate.m in Sources */ = {isa = PBXBuildFile; fileRef = AAE551F9196C071E00ED7675 /* AppDelegate.m */; };
		AAE551FC196C071E00ED7675 /* Images.xcassets in Resources */ = {isa = PBXBuildFile; fileRef = AAE551FB196C071E00ED7675 /* Images.xcassets */; };
		AAE551FF196C071E00ED7675 /* MainMenu.xib in Resources */ = {isa = PBXBuildFile; fileRef = AAE551FD196C071E00ED7675 /* MainMenu.xib */; };
		AAE55219196C087300ED7675 /* QBStringCaseFormatterTests.m in Sources */ = {isa = PBXBuildFile; fileRef = AAE55218196C087300ED7675 /* QBStringCaseFormatterTests.m */; };
		AAE5521D196C108B00ED7675 /* QBStringCaseFormatter.m in Sources */ = {isa = PBXBuildFile; fileRef = AAE5521C196C108B00ED7675 /* QBStringCaseFormatter.m */; };
/* End PBXBuildFile section */

/* Begin PBXContainerItemProxy section */
		AAE55205196C071F00ED7675 /* PBXContainerItemProxy */ = {
			isa = PBXContainerItemProxy;
			containerPortal = AAE551E9196C071E00ED7675 /* Project object */;
			proxyType = 1;
			remoteGlobalIDString = AAE551F0196C071E00ED7675;
			remoteInfo = QBStringCaseFormatterDemo;
		};
/* End PBXContainerItemProxy section */

/* Begin PBXFileReference section */
		AAE551F1196C071E00ED7675 /* QBStringCaseFormatterDemo.app */ = {isa = PBXFileReference; explicitFileType = wrapper.application; includeInIndex = 0; path = QBStringCaseFormatterDemo.app; sourceTree = BUILT_PRODUCTS_DIR; };
		AAE551F5196C071E00ED7675 /* Info.plist */ = {isa = PBXFileReference; lastKnownFileType = text.plist.xml; path = Info.plist; sourceTree = "<group>"; };
		AAE551F6196C071E00ED7675 /* main.m */ = {isa = PBXFileReference; lastKnownFileType = sourcecode.c.objc; path = main.m; sourceTree = "<group>"; };
		AAE551F8196C071E00ED7675 /* AppDelegate.h */ = {isa = PBXFileReference; lastKnownFileType = sourcecode.c.h; path = AppDelegate.h; sourceTree = "<group>"; };
		AAE551F9196C071E00ED7675 /* AppDelegate.m */ = {isa = PBXFileReference; lastKnownFileType = sourcecode.c.objc; path = AppDelegate.m; sourceTree = "<group>"; };
		AAE551FB196C071E00ED7675 /* Images.xcassets */ = {isa = PBXFileReference; lastKnownFileType = folder.assetcatalog; path = Images.xcassets; sourceTree = "<group>"; };
		AAE551FE196C071E00ED7675 /* Base */ = {isa = PBXFileReference; lastKnownFileType = file.xib; name = Base; path = Base.lproj/MainMenu.xib; sourceTree = "<group>"; };
		AAE55204196C071F00ED7675 /* QBStringCaseFormatterDemoTests.xctest */ = {isa = PBXFileReference; explicitFileType = wrapper.cfbundle; includeInIndex = 0; path = QBStringCaseFormatterDemoTests.xctest; sourceTree = BUILT_PRODUCTS_DIR; };
		AAE55209196C071F00ED7675 /* Info.plist */ = {isa = PBXFileReference; lastKnownFileType = text.plist.xml; path = Info.plist; sourceTree = "<group>"; };
		AAE55218196C087300ED7675 /* QBStringCaseFormatterTests.m */ = {isa = PBXFileReference; fileEncoding = 4; lastKnownFileType = sourcecode.c.objc; path = QBStringCaseFormatterTests.m; sourceTree = "<group>"; };
		AAE5521B196C108B00ED7675 /* QBStringCaseFormatter.h */ = {isa = PBXFileReference; fileEncoding = 4; lastKnownFileType = sourcecode.c.h; name = QBStringCaseFormatter.h; path = ../../Classes/QBStringCaseFormatter.h; sourceTree = "<group>"; };
		AAE5521C196C108B00ED7675 /* QBStringCaseFormatter.m */ = {isa = PBXFileReference; fileEncoding = 4; lastKnownFileType = sourcecode.c.objc; name = QBStringCaseFormatter.m; path = ../../Classes/QBStringCaseFormatter.m; sourceTree = "<group>"; };
/* End PBXFileReference section */

/* Begin PBXFrameworksBuildPhase section */
		AAE551EE196C071E00ED7675 /* Frameworks */ = {
			isa = PBXFrameworksBuildPhase;
			buildActionMask = 2147483647;
			files = (
			);
			runOnlyForDeploymentPostprocessing = 0;
		};
		AAE55201196C071F00ED7675 /* Frameworks */ = {
			isa = PBXFrameworksBuildPhase;
			buildActionMask = 2147483647;
			files = (
			);
			runOnlyForDeploymentPostprocessing = 0;
		};
/* End PBXFrameworksBuildPhase section */

/* Begin PBXGroup section */
		AAE551E8196C071E00ED7675 = {
			isa = PBXGroup;
			children = (
				AAE551F3196C071E00ED7675 /* QBStringCaseFormatterDemo */,
				AAE55207196C071F00ED7675 /* QBStringCaseFormatterDemoTests */,
				AAE551F2196C071E00ED7675 /* Products */,
			);
			sourceTree = "<group>";
		};
		AAE551F2196C071E00ED7675 /* Products */ = {
			isa = PBXGroup;
			children = (
				AAE551F1196C071E00ED7675 /* QBStringCaseFormatterDemo.app */,
				AAE55204196C071F00ED7675 /* QBStringCaseFormatterDemoTests.xctest */,
			);
			name = Products;
			sourceTree = "<group>";
		};
		AAE551F3196C071E00ED7675 /* QBStringCaseFormatterDemo */ = {
			isa = PBXGroup;
			children = (
				AAE5521A196C0DB000ED7675 /* QBStringCaseFormatter */,
				AAE551F8196C071E00ED7675 /* AppDelegate.h */,
				AAE551F9196C071E00ED7675 /* AppDelegate.m */,
				AAE55214196C073000ED7675 /* Resources */,
				AAE551F4196C071E00ED7675 /* Supporting Files */,
			);
			path = QBStringCaseFormatterDemo;
			sourceTree = "<group>";
		};
		AAE551F4196C071E00ED7675 /* Supporting Files */ = {
			isa = PBXGroup;
			children = (
				AAE551F5196C071E00ED7675 /* Info.plist */,
				AAE551F6196C071E00ED7675 /* main.m */,
			);
			name = "Supporting Files";
			sourceTree = "<group>";
		};
		AAE55207196C071F00ED7675 /* QBStringCaseFormatterDemoTests */ = {
			isa = PBXGroup;
			children = (
				AAE55218196C087300ED7675 /* QBStringCaseFormatterTests.m */,
				AAE55208196C071F00ED7675 /* Supporting Files */,
			);
			path = QBStringCaseFormatterDemoTests;
			sourceTree = "<group>";
		};
		AAE55208196C071F00ED7675 /* Supporting Files */ = {
			isa = PBXGroup;
			children = (
				AAE55209196C071F00ED7675 /* Info.plist */,
			);
			name = "Supporting Files";
			sourceTree = "<group>";
		};
		AAE55214196C073000ED7675 /* Resources */ = {
			isa = PBXGroup;
			children = (
				AAE551FD196C071E00ED7675 /* MainMenu.xib */,
				AAE551FB196C071E00ED7675 /* Images.xcassets */,
			);
			name = Resources;
			sourceTree = "<group>";
		};
		AAE5521A196C0DB000ED7675 /* QBStringCaseFormatter */ = {
			isa = PBXGroup;
			children = (
				AAE5521B196C108B00ED7675 /* QBStringCaseFormatter.h */,
				AAE5521C196C108B00ED7675 /* QBStringCaseFormatter.m */,
			);
			name = QBStringCaseFormatter;
			sourceTree = "<group>";
		};
/* End PBXGroup section */

/* Begin PBXNativeTarget section */
		AAE551F0196C071E00ED7675 /* QBStringCaseFormatterDemo */ = {
			isa = PBXNativeTarget;
			buildConfigurationList = AAE5520E196C071F00ED7675 /* Build configuration list for PBXNativeTarget "QBStringCaseFormatterDemo" */;
			buildPhases = (
				AAE551ED196C071E00ED7675 /* Sources */,
				AAE551EE196C071E00ED7675 /* Frameworks */,
				AAE551EF196C071E00ED7675 /* Resources */,
			);
			buildRules = (
			);
			dependencies = (
			);
			name = QBStringCaseFormatterDemo;
			productName = QBStringCaseFormatterDemo;
			productReference = AAE551F1196C071E00ED7675 /* QBStringCaseFormatterDemo.app */;
			productType = "com.apple.product-type.application";
		};
		AAE55203196C071F00ED7675 /* QBStringCaseFormatterDemoTests */ = {
			isa = PBXNativeTarget;
			buildConfigurationList = AAE55211196C071F00ED7675 /* Build configuration list for PBXNativeTarget "QBStringCaseFormatterDemoTests" */;
			buildPhases = (
				AAE55200196C071F00ED7675 /* Sources */,
				AAE55201196C071F00ED7675 /* Frameworks */,
				AAE55202196C071F00ED7675 /* Resources */,
			);
			buildRules = (
			);
			dependencies = (
				AAE55206196C071F00ED7675 /* PBXTargetDependency */,
			);
			name = QBStringCaseFormatterDemoTests;
			productName = QBStringCaseFormatterDemoTests;
			productReference = AAE55204196C071F00ED7675 /* QBStringCaseFormatterDemoTests.xctest */;
			productType = "com.apple.product-type.bundle.unit-test";
		};
/* End PBXNativeTarget section */

/* Begin PBXProject section */
		AAE551E9196C071E00ED7675 /* Project object */ = {
			isa = PBXProject;
			attributes = {
				LastUpgradeCheck = 0600;
				ORGANIZATIONNAME = "Katsuma Tanaka";
				TargetAttributes = {
					AAE551F0196C071E00ED7675 = {
						CreatedOnToolsVersion = 6.0;
					};
					AAE55203196C071F00ED7675 = {
						CreatedOnToolsVersion = 6.0;
						TestTargetID = AAE551F0196C071E00ED7675;
					};
				};
			};
			buildConfigurationList = AAE551EC196C071E00ED7675 /* Build configuration list for PBXProject "QBStringCaseFormatterDemo" */;
			compatibilityVersion = "Xcode 3.2";
			developmentRegion = English;
			hasScannedForEncodings = 0;
			knownRegions = (
				en,
				Base,
			);
			mainGroup = AAE551E8196C071E00ED7675;
			productRefGroup = AAE551F2196C071E00ED7675 /* Products */;
			projectDirPath = "";
			projectRoot = "";
			targets = (
				AAE551F0196C071E00ED7675 /* QBStringCaseFormatterDemo */,
				AAE55203196C071F00ED7675 /* QBStringCaseFormatterDemoTests */,
			);
		};
/* End PBXProject section */

/* Begin PBXResourcesBuildPhase section */
		AAE551EF196C071E00ED7675 /* Resources */ = {
			isa = PBXResourcesBuildPhase;
			buildActionMask = 2147483647;
			files = (
				AAE551FC196C071E00ED7675 /* Images.xcassets in Resources */,
				AAE551FF196C071E00ED7675 /* MainMenu.xib in Resources */,
			);
			runOnlyForDeploymentPostprocessing = 0;
		};
		AAE55202196C071F00ED7675 /* Resources */ = {
			isa = PBXResourcesBuildPhase;
			buildActionMask = 2147483647;
			files = (
			);
			runOnlyForDeploymentPostprocessing = 0;
		};
/* End PBXResourcesBuildPhase section */

/* Begin PBXSourcesBuildPhase section */
		AAE551ED196C071E00ED7675 /* Sources */ = {
			isa = PBXSourcesBuildPhase;
			buildActionMask = 2147483647;
			files = (
				AAE5521D196C108B00ED7675 /* QBStringCaseFormatter.m in Sources */,
				AAE551FA196C071E00ED7675 /* AppDelegate.m in Sources */,
				AAE551F7196C071E00ED7675 /* main.m in Sources */,
			);
			runOnlyForDeploymentPostprocessing = 0;
		};
		AAE55200196C071F00ED7675 /* Sources */ = {
			isa = PBXSourcesBuildPhase;
			buildActionMask = 2147483647;
			files = (
				AAE55219196C087300ED7675 /* QBStringCaseFormatterTests.m in Sources */,
			);
			runOnlyForDeploymentPostprocessing = 0;
		};
/* End PBXSourcesBuildPhase section */

/* Begin PBXTargetDependency section */
		AAE55206196C071F00ED7675 /* PBXTargetDependency */ = {
			isa = PBXTargetDependency;
			target = AAE551F0196C071E00ED7675 /* QBStringCaseFormatterDemo */;
			targetProxy = AAE55205196C071F00ED7675 /* PBXContainerItemProxy */;
		};
/* End PBXTargetDependency section */

/* Begin PBXVariantGroup section */
		AAE551FD196C071E00ED7675 /* MainMenu.xib */ = {
			isa = PBXVariantGroup;
			children = (
				AAE551FE196C071E00ED7675 /* Base */,
			);
			name = MainMenu.xib;
			sourceTree = "<group>";
		};
/* End PBXVariantGroup section */

/* Begin XCBuildConfiguration section */
		AAE5520C196C071F00ED7675 /* Debug */ = {
			isa = XCBuildConfiguration;
			buildSettings = {
				ALWAYS_SEARCH_USER_PATHS = NO;
				CLANG_CXX_LANGUAGE_STANDARD = "gnu++0x";
				CLANG_CXX_LIBRARY = "libc++";
				CLANG_ENABLE_MODULES = YES;
				CLANG_ENABLE_OBJC_ARC = YES;
				CLANG_WARN_BOOL_CONVERSION = YES;
				CLANG_WARN_CONSTANT_CONVERSION = YES;
				CLANG_WARN_DIRECT_OBJC_ISA_USAGE = YES_ERROR;
				CLANG_WARN_EMPTY_BODY = YES;
				CLANG_WARN_ENUM_CONVERSION = YES;
				CLANG_WARN_INT_CONVERSION = YES;
				CLANG_WARN_OBJC_ROOT_CLASS = YES_ERROR;
				CLANG_WARN_UNREACHABLE_CODE = YES;
				CLANG_WARN__DUPLICATE_METHOD_MATCH = YES;
				CODE_SIGN_IDENTITY = "-";
				COPY_PHASE_STRIP = NO;
				ENABLE_STRICT_OBJC_MSGSEND = YES;
				GCC_C_LANGUAGE_STANDARD = gnu99;
				GCC_DYNAMIC_NO_PIC = NO;
				GCC_OPTIMIZATION_LEVEL = 0;
				GCC_PREPROCESSOR_DEFINITIONS = (
					"DEBUG=1",
					"$(inherited)",
				);
				GCC_SYMBOLS_PRIVATE_EXTERN = NO;
				GCC_WARN_64_TO_32_BIT_CONVERSION = YES;
				GCC_WARN_ABOUT_RETURN_TYPE = YES_ERROR;
				GCC_WARN_UNDECLARED_SELECTOR = YES;
				GCC_WARN_UNINITIALIZED_AUTOS = YES_AGGRESSIVE;
				GCC_WARN_UNUSED_FUNCTION = YES;
				GCC_WARN_UNUSED_VARIABLE = YES;
				MACOSX_DEPLOYMENT_TARGET = 10.9;
				METAL_ENABLE_DEBUG_INFO = YES;
				ONLY_ACTIVE_ARCH = YES;
				SDKROOT = macosx;
			};
			name = Debug;
		};
		AAE5520D196C071F00ED7675 /* Release */ = {
			isa = XCBuildConfiguration;
			buildSettings = {
				ALWAYS_SEARCH_USER_PATHS = NO;
				CLANG_CXX_LANGUAGE_STANDARD = "gnu++0x";
				CLANG_CXX_LIBRARY = "libc++";
				CLANG_ENABLE_MODULES = YES;
				CLANG_ENABLE_OBJC_ARC = YES;
				CLANG_WARN_BOOL_CONVERSION = YES;
				CLANG_WARN_CONSTANT_CONVERSION = YES;
				CLANG_WARN_DIRECT_OBJC_ISA_USAGE = YES_ERROR;
				CLANG_WARN_EMPTY_BODY = YES;
				CLANG_WARN_ENUM_CONVERSION = YES;
				CLANG_WARN_INT_CONVERSION = YES;
				CLANG_WARN_OBJC_ROOT_CLASS = YES_ERROR;
				CLANG_WARN_UNREACHABLE_CODE = YES;
				CLANG_WARN__DUPLICATE_METHOD_MATCH = YES;
				CODE_SIGN_IDENTITY = "-";
				COPY_PHASE_STRIP = YES;
				DEBUG_INFORMATION_FORMAT = "dwarf-with-dsym";
				ENABLE_NS_ASSERTIONS = NO;
				ENABLE_STRICT_OBJC_MSGSEND = YES;
				GCC_C_LANGUAGE_STANDARD = gnu99;
				GCC_WARN_64_TO_32_BIT_CONVERSION = YES;
				GCC_WARN_ABOUT_RETURN_TYPE = YES_ERROR;
				GCC_WARN_UNDECLARED_SELECTOR = YES;
				GCC_WARN_UNINITIALIZED_AUTOS = YES_AGGRESSIVE;
				GCC_WARN_UNUSED_FUNCTION = YES;
				GCC_WARN_UNUSED_VARIABLE = YES;
				MACOSX_DEPLOYMENT_TARGET = 10.9;
				METAL_ENABLE_DEBUG_INFO = NO;
				SDKROOT = macosx;
			};
			name = Release;
		};
		AAE5520F196C071F00ED7675 /* Debug */ = {
			isa = XCBuildConfiguration;
			buildSettings = {
				ASSETCATALOG_COMPILER_APPICON_NAME = AppIcon;
				COMBINE_HIDPI_IMAGES = YES;
				INFOPLIST_FILE = QBStringCaseFormatterDemo/Info.plist;
				LD_RUNPATH_SEARCH_PATHS = "$(inherited) @executable_path/../Frameworks";
				PRODUCT_NAME = "$(TARGET_NAME)";
			};
			name = Debug;
		};
		AAE55210196C071F00ED7675 /* Release */ = {
			isa = XCBuildConfiguration;
			buildSettings = {
				ASSETCATALOG_COMPILER_APPICON_NAME = AppIcon;
				COMBINE_HIDPI_IMAGES = YES;
				INFOPLIST_FILE = QBStringCaseFormatterDemo/Info.plist;
				LD_RUNPATH_SEARCH_PATHS = "$(inherited) @executable_path/../Frameworks";
				PRODUCT_NAME = "$(TARGET_NAME)";
			};
			name = Release;
		};
		AAE55212196C071F00ED7675 /* Debug */ = {
			isa = XCBuildConfiguration;
			buildSettings = {
				BUNDLE_LOADER = "$(BUILT_PRODUCTS_DIR)/QBStringCaseFormatterDemo.app/Contents/MacOS/QBStringCaseFormatterDemo";
				COMBINE_HIDPI_IMAGES = YES;
				FRAMEWORK_SEARCH_PATHS = (
					"$(DEVELOPER_FRAMEWORKS_DIR)",
					"$(inherited)",
				);
				GCC_PREPROCESSOR_DEFINITIONS = (
					"DEBUG=1",
					"$(inherited)",
				);
				INFOPLIST_FILE = QBStringCaseFormatterDemoTests/Info.plist;
				LD_RUNPATH_SEARCH_PATHS = "$(inherited) @executable_path/../Frameworks @loader_path/../Frameworks";
				METAL_ENABLE_DEBUG_INFO = YES;
				PRODUCT_NAME = "$(TARGET_NAME)";
				TEST_HOST = "$(BUNDLE_LOADER)";
			};
			name = Debug;
		};
		AAE55213196C071F00ED7675 /* Release */ = {
			isa = XCBuildConfiguration;
			buildSettings = {
				BUNDLE_LOADER = "$(BUILT_PRODUCTS_DIR)/QBStringCaseFormatterDemo.app/Contents/MacOS/QBStringCaseFormatterDemo";
				COMBINE_HIDPI_IMAGES = YES;
				FRAMEWORK_SEARCH_PATHS = (
					"$(DEVELOPER_FRAMEWORKS_DIR)",
					"$(inherited)",
				);
				INFOPLIST_FILE = QBStringCaseFormatterDemoTests/Info.plist;
				LD_RUNPATH_SEARCH_PATHS = "$(inherited) @executable_path/../Frameworks @loader_path/../Frameworks";
				METAL_ENABLE_DEBUG_INFO = NO;
				PRODUCT_NAME = "$(TARGET_NAME)";
				TEST_HOST = "$(BUNDLE_LOADER)";
			};
			name = Release;
		};
/* End XCBuildConfiguration section */

/* Begin XCConfigurationList section */
		AAE551EC196C071E00ED7675 /* Build configuration list for PBXProject "QBStringCaseFormatterDemo" */ = {
			isa = XCConfigurationList;
			buildConfigurations = (
				AAE5520C196C071F00ED7675 /* Debug */,
				AAE5520D196C071F00ED7675 /* Release */,
			);
			defaultConfigurationIsVisible = 0;
			defaultConfigurationName = Release;
		};
		AAE5520E196C071F00ED7675 /* Build configuration list for PBXNativeTarget "QBStringCaseFormatterDemo" */ = {
			isa = XCConfigurationList;
			buildConfigurations = (
				AAE5520F196C071F00ED7675 /* Debug */,
				AAE55210196C071F00ED7675 /* Release */,
			);
			defaultConfigurationIsVisible = 0;
			defaultConfigurationName = Release;
		};
		AAE55211196C071F00ED7675 /* Build configuration list for PBXNativeTarget "QBStringCaseFormatterDemoTests" */ = {
			isa = XCConfigurationList;
			buildConfigurations = (
				AAE55212196C071F00ED7675 /* Debug */,
				AAE55213196C071F00ED7675 /* Release */,
			);
			defaultConfigurationIsVisible = 0;
			defaultConfigurationName = Release;
		};
/* End XCConfigurationList section */
	};
	rootObject = AAE551E9196C071E00ED7675 /* Project object */;
}
